.axiom/AGENTS.md:8aa62bfc6480252cfc2553d949521e038427769b7c98755b5031a52a0c5cc59c
.axiom/identity/axiom-builder.md:451a9e402536ee3d427e99224dc87eb18a1eb194fe755e113dc7a56df3b384e0
.axiom/preflight.md:421ac44bfb7c7484d78f5b791f962a18132a05faafddcd7c90cca12f4cf2f447
.axiom/rules/axiom-builder-rules.md:ec28c842712923b1e635c266d91aba0ad7c25672dff741411a28933ca458b47c
.axiom/skills/axiom-builder-skills.md:87bee274460442ee7a2816687032c4d5417dc626285178eb9edfea5341bc513a
.axiom/tools.md:6383cc819ae22dcfae601fc460a45bc335a7f0a25ab70a05b8bd33eb152c6759
