.axiom/AGENTS.md:7b62ec5000ddc255d67a8c70d08eb8177028731a09b48b7afd6a80bddf2186e8
.axiom/identity/axiom-builder.md:382ef3174a5934ed3bd649c7e2feac3ad8b10668d53c4c6309cecb71b98e1307
.axiom/preflight.md:c94c0ec2cc9decbfa19cda05dcca977e92c90f19a079b9afc4fdbbda7fce63f5
.axiom/rules/axiom-builder-rules.md:99eae33016fffe8bda8bb11aa8e6d9c17854d1ddcc32f7cb328356fc71d14eb8
.axiom/skills/axiom-builder-skills.md:cf7d06846d4adddbd34924fbbef329114fb4e56aea94878cc67419f2134c6a6e
.axiom/tools.md:102656fe9cac0bf4775b057afc4bcdadc4acc62fb437b775b9c3790ff660c6c8
